{
  "name": "emoji-picker",
  "lockfileVersion": 2,
  "requires": true,
  "packages": {
    "": {
      "devDependencies": {
        "web-ext-types": "focus-browser/ff-ext-types"
      }
    },
    "node_modules/web-ext-types": {
      "version": "3.2.1",
      "resolved": "git+ssh://git@github.com/focus-browser/ff-ext-types.git#548fbd101482d372780f469cf08d5ae04f199fe6",
      "dev": true,
      "license": "MPL-2.0"
    }
  },
  "dependencies": {
    "web-ext-types": {
      "version": "git+ssh://git@github.com/focus-browser/ff-ext-types.git#548fbd101482d372780f469cf08d5ae04f199fe6",
      "dev": true,
      "from": "web-ext-types@focus-browser/ff-ext-types"
    }
  }
}
